<Solution>
  <Folder Name="/Additional/">
    <File Path=".dockerignore" />
    <File Path=".editorconfig" />
    <File Path=".env" />
    <File Path=".env.example" />
    <File Path=".gitignore" />
    <File Path="Directory.Build.props" />
    <File Path="Dockerfile" />
    <File Path="global.json" />
  </Folder>
  <Project Path="Olevin.Api/Olevin.Api.csproj" />
  <Project Path="Olevin.Tests/Olevin.Tests.csproj" />
</Solution>
